
Microsoft Visual Studio Solution File, Format Version 12.00
# Visual Studio Version 17
VisualStudioVersion = 17.1.32210.238
MinimumVisualStudioVersion = 10.0.40219.1
Project("{9A19103F-16F7-4668-BE54-9A1E7A4F7556}") = "KroyBikroySite", "KroyBikroySite.csproj", "{5E48FAB7-42DD-42DF-83C9-590FB295A03B}"
EndProject
Global
	GlobalSection(SolutionConfigurationPlatforms) = preSolution
		Debug|Any CPU = Debug|Any CPU
		Release|Any CPU = Release|Any CPU
	EndGlobalSection
	GlobalSection(ProjectConfigurationPlatforms) = postSolution
		{5E48FAB7-42DD-42DF-83C9-590FB295A03B}.Debug|Any CPU.ActiveCfg = Debug|Any CPU
		{5E48FAB7-42DD-42DF-83C9-590FB295A03B}.Debug|Any CPU.Build.0 = Debug|Any CPU
		{5E48FAB7-42DD-42DF-83C9-590FB295A03B}.Release|Any CPU.ActiveCfg = Release|Any CPU
		{5E48FAB7-42DD-42DF-83C9-590FB295A03B}.Release|Any CPU.Build.0 = Release|Any CPU
	EndGlobalSection
	GlobalSection(SolutionProperties) = preSolution
		HideSolutionNode = FALSE
	EndGlobalSection
	GlobalSection(ExtensibilityGlobals) = postSolution
		SolutionGuid = {F5F58EA6-AE81-4222-8EFA-B92E4D5B1D71}
	EndGlobalSection
EndGlobal
