
Microsoft Visual Studio Solution File, Format Version 12.00
# Visual Studio Version 17
VisualStudioVersion = 17.1.32210.238
MinimumVisualStudioVersion = 10.0.40219.1
Project("{FAE04EC0-301F-11D3-BF4B-00C04F79EFBC}") = "KroyBikroy", "KroyBikroy\KroyBikroy.csproj", "{3D33F922-2E31-4829-AF1A-D32B45A47204}"
EndProject
Global
	GlobalSection(SolutionConfigurationPlatforms) = preSolution
		Debug|Any CPU = Debug|Any CPU
		Release|Any CPU = Release|Any CPU
	EndGlobalSection
	GlobalSection(ProjectConfigurationPlatforms) = postSolution
		{3D33F922-2E31-4829-AF1A-D32B45A47204}.Debug|Any CPU.ActiveCfg = Debug|Any CPU
		{3D33F922-2E31-4829-AF1A-D32B45A47204}.Debug|Any CPU.Build.0 = Debug|Any CPU
		{3D33F922-2E31-4829-AF1A-D32B45A47204}.Release|Any CPU.ActiveCfg = Release|Any CPU
		{3D33F922-2E31-4829-AF1A-D32B45A47204}.Release|Any CPU.Build.0 = Release|Any CPU
	EndGlobalSection
	GlobalSection(SolutionProperties) = preSolution
		HideSolutionNode = FALSE
	EndGlobalSection
	GlobalSection(ExtensibilityGlobals) = postSolution
		SolutionGuid = {F23F7BEB-F562-40C3-9E01-C18E87D70D7A}
	EndGlobalSection
EndGlobal
