
Microsoft Visual Studio Solution File, Format Version 12.00
# Visual Studio Version 17
VisualStudioVersion = 17.3.32929.385
MinimumVisualStudioVersion = 10.0.40219.1
Project("{FAE04EC0-301F-11D3-BF4B-00C04F79EFBC}") = "KroyBikroyBackend", "KroyBikroyBackend\KroyBikroyBackend.csproj", "{BB465F0B-9248-4CF7-B75C-6EAD44483D2B}"
EndProject
Global
	GlobalSection(SolutionConfigurationPlatforms) = preSolution
		Debug|Any CPU = Debug|Any CPU
		Release|Any CPU = Release|Any CPU
	EndGlobalSection
	GlobalSection(ProjectConfigurationPlatforms) = postSolution
		{BB465F0B-9248-4CF7-B75C-6EAD44483D2B}.Debug|Any CPU.ActiveCfg = Debug|Any CPU
		{BB465F0B-9248-4CF7-B75C-6EAD44483D2B}.Debug|Any CPU.Build.0 = Debug|Any CPU
		{BB465F0B-9248-4CF7-B75C-6EAD44483D2B}.Release|Any CPU.ActiveCfg = Release|Any CPU
		{BB465F0B-9248-4CF7-B75C-6EAD44483D2B}.Release|Any CPU.Build.0 = Release|Any CPU
	EndGlobalSection
	GlobalSection(SolutionProperties) = preSolution
		HideSolutionNode = FALSE
	EndGlobalSection
	GlobalSection(ExtensibilityGlobals) = postSolution
		SolutionGuid = {3A384147-2FC2-4C39-86F8-6786CC0DF1CE}
	EndGlobalSection
EndGlobal
